<Solution>
  <Folder Name="/samples/E2ETesting/">
    <Project Path="samples/E2ETesting/EShop.Catalog.Api/EShop.Catalog.Api.csproj" />
    <Project Path="samples/E2ETesting/EShop.E2E.AppHost/EShop.E2E.AppHost.csproj" />
    <Project Path="samples/E2ETesting/EShop.E2E.Tests/EShop.E2E.Tests.csproj" />
    <Project Path="samples/E2ETesting/EShop.Modules/EShop.Modules.csproj" />
    <Project Path="samples/E2ETesting/EShop.Orders.Api/EShop.Orders.Api.csproj" />
  </Folder>
  <Folder Name="/src/">
    <Project Path="src/Aspire.Hosting.ModularAppHosts.Testing/Aspire.Hosting.ModularAppHosts.Testing.csproj" />
    <Project Path="src/Aspire.Hosting.ModularAppHosts/Aspire.Hosting.ModularAppHosts.csproj" />
    <Project Path="src/Aspire.Hosting.ModularAppHosts.Generators/Aspire.Hosting.ModularAppHosts.Generators.csproj" />
  </Folder>
  <Folder Name="/tests/">
    <Project Path="tests/Aspire.Hosting.ModularAppHosts.Testing.Tests/Aspire.Hosting.ModularAppHosts.Testing.Tests.csproj" />
    <Project Path="tests/Aspire.Hosting.ModularAppHosts.Tests/Aspire.Hosting.ModularAppHosts.Tests.csproj" />
  </Folder>
  <Folder Name="/samples/">
    <Project Path="samples/ModuleContract/ModularSample.ModuleContract.csproj" />
    <Project Path="samples/AppHostA/Api/ModularSample.Api.csproj" />
    <Project Path="samples/AppHostA/ModularSample.AppHostA.csproj" />
    <Project Path="samples/AppHostB/Gateway/ModularSample.Gateway.csproj" />
    <Project Path="samples/AppHostB/ModularSample.AppHostB.csproj" />
  </Folder>
</Solution>
